
Microsoft Visual Studio Solution File, Format Version 12.00
# Visual Studio 14
VisualStudioVersion = 14.0.25420.1
MinimumVisualStudioVersion = 10.0.40219.1
Project("{FAE04EC0-301F-11D3-BF4B-00C04F79EFBC}") = "GameStore.Domain", "GameStore.Domain\GameStore.Domain.csproj", "{3CC6183A-B102-4C58-8E11-98F1669894CA}"
EndProject
Project("{FAE04EC0-301F-11D3-BF4B-00C04F79EFBC}") = "GameStore.WebUI", "GameStore.WebUI\GameStore.WebUI.csproj", "{2B2FCD5C-389D-44FF-B763-47924059CFF3}"
EndProject
Project("{FAE04EC0-301F-11D3-BF4B-00C04F79EFBC}") = "GameStore.UnitTest", "GameStore.UnitTest\GameStore.UnitTest.csproj", "{B811B1D2-316A-4F1C-86D5-F4DFF66AD5A6}"
EndProject
Project("{FAE04EC0-301F-11D3-BF4B-00C04F79EFBC}") = "GameStore.REST", "GameStore.REST\GameStore.REST.csproj", "{AF6B7DA1-66DF-4947-8D81-80A75678017D}"
EndProject
Global
	GlobalSection(SolutionConfigurationPlatforms) = preSolution
		Debug|Any CPU = Debug|Any CPU
		Debug|ARM = Debug|ARM
		Debug|x64 = Debug|x64
		Debug|x86 = Debug|x86
		Release|Any CPU = Release|Any CPU
		Release|ARM = Release|ARM
		Release|x64 = Release|x64
		Release|x86 = Release|x86
	EndGlobalSection
	GlobalSection(ProjectConfigurationPlatforms) = postSolution
		{3CC6183A-B102-4C58-8E11-98F1669894CA}.Debug|Any CPU.ActiveCfg = Debug|Any CPU
		{3CC6183A-B102-4C58-8E11-98F1669894CA}.Debug|Any CPU.Build.0 = Debug|Any CPU
		{3CC6183A-B102-4C58-8E11-98F1669894CA}.Debug|ARM.ActiveCfg = Debug|Any CPU
		{3CC6183A-B102-4C58-8E11-98F1669894CA}.Debug|ARM.Build.0 = Debug|Any CPU
		{3CC6183A-B102-4C58-8E11-98F1669894CA}.Debug|x64.ActiveCfg = Debug|Any CPU
		{3CC6183A-B102-4C58-8E11-98F1669894CA}.Debug|x64.Build.0 = Debug|Any CPU
		{3CC6183A-B102-4C58-8E11-98F1669894CA}.Debug|x86.ActiveCfg = Debug|Any CPU
		{3CC6183A-B102-4C58-8E11-98F1669894CA}.Debug|x86.Build.0 = Debug|Any CPU
		{3CC6183A-B102-4C58-8E11-98F1669894CA}.Release|Any CPU.ActiveCfg = Release|Any CPU
		{3CC6183A-B102-4C58-8E11-98F1669894CA}.Release|Any CPU.Build.0 = Release|Any CPU
		{3CC6183A-B102-4C58-8E11-98F1669894CA}.Release|ARM.ActiveCfg = Release|Any CPU
		{3CC6183A-B102-4C58-8E11-98F1669894CA}.Release|ARM.Build.0 = Release|Any CPU
		{3CC6183A-B102-4C58-8E11-98F1669894CA}.Release|x64.ActiveCfg = Release|Any CPU
		{3CC6183A-B102-4C58-8E11-98F1669894CA}.Release|x64.Build.0 = Release|Any CPU
		{3CC6183A-B102-4C58-8E11-98F1669894CA}.Release|x86.ActiveCfg = Release|Any CPU
		{3CC6183A-B102-4C58-8E11-98F1669894CA}.Release|x86.Build.0 = Release|Any CPU
		{2B2FCD5C-389D-44FF-B763-47924059CFF3}.Debug|Any CPU.ActiveCfg = Debug|Any CPU
		{2B2FCD5C-389D-44FF-B763-47924059CFF3}.Debug|Any CPU.Build.0 = Debug|Any CPU
		{2B2FCD5C-389D-44FF-B763-47924059CFF3}.Debug|ARM.ActiveCfg = Debug|Any CPU
		{2B2FCD5C-389D-44FF-B763-47924059CFF3}.Debug|ARM.Build.0 = Debug|Any CPU
		{2B2FCD5C-389D-44FF-B763-47924059CFF3}.Debug|x64.ActiveCfg = Debug|Any CPU
		{2B2FCD5C-389D-44FF-B763-47924059CFF3}.Debug|x64.Build.0 = Debug|Any CPU
		{2B2FCD5C-389D-44FF-B763-47924059CFF3}.Debug|x86.ActiveCfg = Debug|Any CPU
		{2B2FCD5C-389D-44FF-B763-47924059CFF3}.Debug|x86.Build.0 = Debug|Any CPU
		{2B2FCD5C-389D-44FF-B763-47924059CFF3}.Release|Any CPU.ActiveCfg = Release|Any CPU
		{2B2FCD5C-389D-44FF-B763-47924059CFF3}.Release|Any CPU.Build.0 = Release|Any CPU
		{2B2FCD5C-389D-44FF-B763-47924059CFF3}.Release|ARM.ActiveCfg = Release|Any CPU
		{2B2FCD5C-389D-44FF-B763-47924059CFF3}.Release|ARM.Build.0 = Release|Any CPU
		{2B2FCD5C-389D-44FF-B763-47924059CFF3}.Release|x64.ActiveCfg = Release|Any CPU
		{2B2FCD5C-389D-44FF-B763-47924059CFF3}.Release|x64.Build.0 = Release|Any CPU
		{2B2FCD5C-389D-44FF-B763-47924059CFF3}.Release|x86.ActiveCfg = Release|Any CPU
		{2B2FCD5C-389D-44FF-B763-47924059CFF3}.Release|x86.Build.0 = Release|Any CPU
		{B811B1D2-316A-4F1C-86D5-F4DFF66AD5A6}.Debug|Any CPU.ActiveCfg = Debug|Any CPU
		{B811B1D2-316A-4F1C-86D5-F4DFF66AD5A6}.Debug|Any CPU.Build.0 = Debug|Any CPU
		{B811B1D2-316A-4F1C-86D5-F4DFF66AD5A6}.Debug|ARM.ActiveCfg = Debug|Any CPU
		{B811B1D2-316A-4F1C-86D5-F4DFF66AD5A6}.Debug|ARM.Build.0 = Debug|Any CPU
		{B811B1D2-316A-4F1C-86D5-F4DFF66AD5A6}.Debug|x64.ActiveCfg = Debug|Any CPU
		{B811B1D2-316A-4F1C-86D5-F4DFF66AD5A6}.Debug|x64.Build.0 = Debug|Any CPU
		{B811B1D2-316A-4F1C-86D5-F4DFF66AD5A6}.Debug|x86.ActiveCfg = Debug|Any CPU
		{B811B1D2-316A-4F1C-86D5-F4DFF66AD5A6}.Debug|x86.Build.0 = Debug|Any CPU
		{B811B1D2-316A-4F1C-86D5-F4DFF66AD5A6}.Release|Any CPU.ActiveCfg = Release|Any CPU
		{B811B1D2-316A-4F1C-86D5-F4DFF66AD5A6}.Release|Any CPU.Build.0 = Release|Any CPU
		{B811B1D2-316A-4F1C-86D5-F4DFF66AD5A6}.Release|ARM.ActiveCfg = Release|Any CPU
		{B811B1D2-316A-4F1C-86D5-F4DFF66AD5A6}.Release|ARM.Build.0 = Release|Any CPU
		{B811B1D2-316A-4F1C-86D5-F4DFF66AD5A6}.Release|x64.ActiveCfg = Release|Any CPU
		{B811B1D2-316A-4F1C-86D5-F4DFF66AD5A6}.Release|x64.Build.0 = Release|Any CPU
		{B811B1D2-316A-4F1C-86D5-F4DFF66AD5A6}.Release|x86.ActiveCfg = Release|Any CPU
		{B811B1D2-316A-4F1C-86D5-F4DFF66AD5A6}.Release|x86.Build.0 = Release|Any CPU
		{AF6B7DA1-66DF-4947-8D81-80A75678017D}.Debug|Any CPU.ActiveCfg = Debug|Any CPU
		{AF6B7DA1-66DF-4947-8D81-80A75678017D}.Debug|Any CPU.Build.0 = Debug|Any CPU
		{AF6B7DA1-66DF-4947-8D81-80A75678017D}.Debug|ARM.ActiveCfg = Debug|Any CPU
		{AF6B7DA1-66DF-4947-8D81-80A75678017D}.Debug|ARM.Build.0 = Debug|Any CPU
		{AF6B7DA1-66DF-4947-8D81-80A75678017D}.Debug|x64.ActiveCfg = Debug|Any CPU
		{AF6B7DA1-66DF-4947-8D81-80A75678017D}.Debug|x64.Build.0 = Debug|Any CPU
		{AF6B7DA1-66DF-4947-8D81-80A75678017D}.Debug|x86.ActiveCfg = Debug|Any CPU
		{AF6B7DA1-66DF-4947-8D81-80A75678017D}.Debug|x86.Build.0 = Debug|Any CPU
		{AF6B7DA1-66DF-4947-8D81-80A75678017D}.Release|Any CPU.ActiveCfg = Release|Any CPU
		{AF6B7DA1-66DF-4947-8D81-80A75678017D}.Release|Any CPU.Build.0 = Release|Any CPU
		{AF6B7DA1-66DF-4947-8D81-80A75678017D}.Release|ARM.ActiveCfg = Release|Any CPU
		{AF6B7DA1-66DF-4947-8D81-80A75678017D}.Release|ARM.Build.0 = Release|Any CPU
		{AF6B7DA1-66DF-4947-8D81-80A75678017D}.Release|x64.ActiveCfg = Release|Any CPU
		{AF6B7DA1-66DF-4947-8D81-80A75678017D}.Release|x64.Build.0 = Release|Any CPU
		{AF6B7DA1-66DF-4947-8D81-80A75678017D}.Release|x86.ActiveCfg = Release|Any CPU
		{AF6B7DA1-66DF-4947-8D81-80A75678017D}.Release|x86.Build.0 = Release|Any CPU
	EndGlobalSection
	GlobalSection(SolutionProperties) = preSolution
		HideSolutionNode = FALSE
	EndGlobalSection
EndGlobal
