
Microsoft Visual Studio Solution File, Format Version 12.00
# Visual Studio 14
VisualStudioVersion = 14.0.25123.0
MinimumVisualStudioVersion = 10.0.40219.1
Project("{FAE04EC0-301F-11D3-BF4B-00C04F79EFBC}") = "GameStore.Domain", "..\..\..\..\Documents\Visual Studio 2015\Projects\GameStore\GameStore.Domain\GameStore.Domain.csproj", "{3CC6183A-B102-4C58-8E11-98F1669894CA}"
EndProject
Project("{FAE04EC0-301F-11D3-BF4B-00C04F79EFBC}") = "GameStore.UnitTest", "..\..\..\..\Documents\Visual Studio 2015\Projects\GameStore\GameStore.UnitTest\GameStore.UnitTest.csproj", "{B811B1D2-316A-4F1C-86D5-F4DFF66AD5A6}"
EndProject
Project("{FAE04EC0-301F-11D3-BF4B-00C04F79EFBC}") = "GameStore.WebUI", "..\..\..\..\Documents\Visual Studio 2015\Projects\GameStore\GameStore.WebUI\GameStore.WebUI.csproj", "{2B2FCD5C-389D-44FF-B763-47924059CFF3}"
EndProject
Global
	GlobalSection(SolutionConfigurationPlatforms) = preSolution
		Debug|Any CPU = Debug|Any CPU
		Release|Any CPU = Release|Any CPU
	EndGlobalSection
	GlobalSection(ProjectConfigurationPlatforms) = postSolution
		{3CC6183A-B102-4C58-8E11-98F1669894CA}.Debug|Any CPU.ActiveCfg = Debug|Any CPU
		{3CC6183A-B102-4C58-8E11-98F1669894CA}.Debug|Any CPU.Build.0 = Debug|Any CPU
		{3CC6183A-B102-4C58-8E11-98F1669894CA}.Release|Any CPU.ActiveCfg = Release|Any CPU
		{3CC6183A-B102-4C58-8E11-98F1669894CA}.Release|Any CPU.Build.0 = Release|Any CPU
		{B811B1D2-316A-4F1C-86D5-F4DFF66AD5A6}.Debug|Any CPU.ActiveCfg = Debug|Any CPU
		{B811B1D2-316A-4F1C-86D5-F4DFF66AD5A6}.Debug|Any CPU.Build.0 = Debug|Any CPU
		{B811B1D2-316A-4F1C-86D5-F4DFF66AD5A6}.Release|Any CPU.ActiveCfg = Release|Any CPU
		{B811B1D2-316A-4F1C-86D5-F4DFF66AD5A6}.Release|Any CPU.Build.0 = Release|Any CPU
		{2B2FCD5C-389D-44FF-B763-47924059CFF3}.Debug|Any CPU.ActiveCfg = Debug|Any CPU
		{2B2FCD5C-389D-44FF-B763-47924059CFF3}.Debug|Any CPU.Build.0 = Debug|Any CPU
		{2B2FCD5C-389D-44FF-B763-47924059CFF3}.Release|Any CPU.ActiveCfg = Release|Any CPU
		{2B2FCD5C-389D-44FF-B763-47924059CFF3}.Release|Any CPU.Build.0 = Release|Any CPU
	EndGlobalSection
	GlobalSection(SolutionProperties) = preSolution
		HideSolutionNode = FALSE
	EndGlobalSection
EndGlobal
